
Microsoft Visual Studio Solution File, Format Version 12.00
# Visual Studio Version 17
VisualStudioVersion = 17.0.31912.275
MinimumVisualStudioVersion = 10.0.40219.1
Project("{9A19103F-16F7-4668-BE54-9A1E7A4F7556}") = "Drin.Core", "Drin.Core\Drin.Core.csproj", "{614B5D16-0857-493B-8B65-56E2F96E66CE}"
EndProject
Project("{9A19103F-16F7-4668-BE54-9A1E7A4F7556}") = "Drin.Data", "Drin.Data\Drin.Data.csproj", "{046D8AD7-7120-4FF0-BCDE-994145EEF5E2}"
EndProject
Project("{9A19103F-16F7-4668-BE54-9A1E7A4F7556}") = "Drin.Business", "Drin.Business\Drin.Business.csproj", "{E7EECDA1-9925-4855-8CD8-3B7C4A7F9107}"
EndProject
Project("{FAE04EC0-301F-11D3-BF4B-00C04F79EFBC}") = "Drin.API", "Drin.API\Drin.API.csproj", "{F9317460-A98E-4B23-AEC6-2A586AA60618}"
EndProject
Project("{FAE04EC0-301F-11D3-BF4B-00C04F79EFBC}") = "Drin.UI", "Drin.UI\Drin.UI.csproj", "{52FFEF36-D149-444E-9D38-061330CB27D5}"
EndProject
Project("{FAE04EC0-301F-11D3-BF4B-00C04F79EFBC}") = "Drin.Caching", "Drin.Caching\Drin.Caching.csproj", "{944E31EF-2A12-4A81-94EE-5880FFCB0C8F}"
EndProject
Global
	GlobalSection(SolutionConfigurationPlatforms) = preSolution
		Debug|Any CPU = Debug|Any CPU
		Release|Any CPU = Release|Any CPU
	EndGlobalSection
	GlobalSection(ProjectConfigurationPlatforms) = postSolution
		{614B5D16-0857-493B-8B65-56E2F96E66CE}.Debug|Any CPU.ActiveCfg = Debug|Any CPU
		{614B5D16-0857-493B-8B65-56E2F96E66CE}.Debug|Any CPU.Build.0 = Debug|Any CPU
		{614B5D16-0857-493B-8B65-56E2F96E66CE}.Release|Any CPU.ActiveCfg = Release|Any CPU
		{614B5D16-0857-493B-8B65-56E2F96E66CE}.Release|Any CPU.Build.0 = Release|Any CPU
		{046D8AD7-7120-4FF0-BCDE-994145EEF5E2}.Debug|Any CPU.ActiveCfg = Debug|Any CPU
		{046D8AD7-7120-4FF0-BCDE-994145EEF5E2}.Debug|Any CPU.Build.0 = Debug|Any CPU
		{046D8AD7-7120-4FF0-BCDE-994145EEF5E2}.Release|Any CPU.ActiveCfg = Release|Any CPU
		{046D8AD7-7120-4FF0-BCDE-994145EEF5E2}.Release|Any CPU.Build.0 = Release|Any CPU
		{E7EECDA1-9925-4855-8CD8-3B7C4A7F9107}.Debug|Any CPU.ActiveCfg = Debug|Any CPU
		{E7EECDA1-9925-4855-8CD8-3B7C4A7F9107}.Debug|Any CPU.Build.0 = Debug|Any CPU
		{E7EECDA1-9925-4855-8CD8-3B7C4A7F9107}.Release|Any CPU.ActiveCfg = Release|Any CPU
		{E7EECDA1-9925-4855-8CD8-3B7C4A7F9107}.Release|Any CPU.Build.0 = Release|Any CPU
		{F9317460-A98E-4B23-AEC6-2A586AA60618}.Debug|Any CPU.ActiveCfg = Debug|Any CPU
		{F9317460-A98E-4B23-AEC6-2A586AA60618}.Debug|Any CPU.Build.0 = Debug|Any CPU
		{F9317460-A98E-4B23-AEC6-2A586AA60618}.Release|Any CPU.ActiveCfg = Release|Any CPU
		{F9317460-A98E-4B23-AEC6-2A586AA60618}.Release|Any CPU.Build.0 = Release|Any CPU
		{52FFEF36-D149-444E-9D38-061330CB27D5}.Debug|Any CPU.ActiveCfg = Debug|Any CPU
		{52FFEF36-D149-444E-9D38-061330CB27D5}.Debug|Any CPU.Build.0 = Debug|Any CPU
		{52FFEF36-D149-444E-9D38-061330CB27D5}.Release|Any CPU.ActiveCfg = Release|Any CPU
		{52FFEF36-D149-444E-9D38-061330CB27D5}.Release|Any CPU.Build.0 = Release|Any CPU
		{944E31EF-2A12-4A81-94EE-5880FFCB0C8F}.Debug|Any CPU.ActiveCfg = Debug|Any CPU
		{944E31EF-2A12-4A81-94EE-5880FFCB0C8F}.Debug|Any CPU.Build.0 = Debug|Any CPU
		{944E31EF-2A12-4A81-94EE-5880FFCB0C8F}.Release|Any CPU.ActiveCfg = Release|Any CPU
		{944E31EF-2A12-4A81-94EE-5880FFCB0C8F}.Release|Any CPU.Build.0 = Release|Any CPU
	EndGlobalSection
	GlobalSection(SolutionProperties) = preSolution
		HideSolutionNode = FALSE
	EndGlobalSection
	GlobalSection(ExtensibilityGlobals) = postSolution
		SolutionGuid = {B3C44440-2452-4F1D-AA8D-99FCEEEDFA0A}
	EndGlobalSection
EndGlobal
